Microsoft Visual Studio Solution File, Format Version 10.00
# Visual Studio 2008
Project("{8BC9CEB8-8B4A-11D0-8D11-00A0C91BC942}") = "Merge", "Merge\Merge.vcproj", "{D3C28E8A-CEC2-4242-BBFF-A7C0C159897E}"
	ProjectSection(ProjectDependencies) = postProject
		{E2A7F908-D6CF-4779-B06D-FFFD197FA8E4} = {E2A7F908-D6CF-4779-B06D-FFFD197FA8E4}
	EndProjectSection
EndProject
Project("{54435603-DBB4-11D2-8724-00A0C9A8B90C}") = "Setup", "Setup\OPC-Setup.vdproj", "{E2A7F908-D6CF-4779-B06D-FFFD197FA8E4}"
EndProject
Project("{8BC9CEB8-8B4A-11D0-8D11-00A0C91BC942}") = "Old Polish Clock Resources", "Old Polish Clock Resources.vcproj", "{5C018F3C-A16C-4E4A-96E1-7DC777B9F190}"
EndProject
Project("{54435603-DBB4-11D2-8724-00A0C9A8B90C}") = "SetupX64", "SetupX64\OPC-Setup X64.vdproj", "{DDCF328A-011B-46B1-9198-EC4F736C668B}"
EndProject
Project("{8BC9CEB8-8B4A-11D0-8D11-00A0C91BC942}") = "Encrypt", "Encrypt\Encrypt.vcproj", "{F685DAE3-5F88-4B6C-A4EB-27EEE9177B54}"
EndProject
Project("{8BC9CEB8-8B4A-11D0-8D11-00A0C91BC942}") = "libbz2", "bzip2-1.0.6\libbz2.vcproj", "{9683F3F6-5012-43D2-A539-4E6BD3A1142D}"
EndProject
Project("{8BC9CEB8-8B4A-11D0-8D11-00A0C91BC942}") = "OldPolishClockSetup3.0", "OldPolishClockSetup3.0\OldPolishClockSetup3.0.vcproj", "{D19E3B53-175E-4A44-B504-FA9FE4A403BE}"
EndProject
Global
	GlobalSection(SubversionScc) = preSolution
		Svn-Managed = True
		Manager = AnkhSVN - Subversion Support for Visual Studio
	EndGlobalSection
	GlobalSection(SolutionConfigurationPlatforms) = preSolution
		Debug|Any CPU = Debug|Any CPU
		Debug|Mixed Platforms = Debug|Mixed Platforms
		Debug|Win32 = Debug|Win32
		Debug|x64 = Debug|x64
		Release|Any CPU = Release|Any CPU
		Release|Mixed Platforms = Release|Mixed Platforms
		Release|Win32 = Release|Win32
		Release|x64 = Release|x64
	EndGlobalSection
	GlobalSection(ProjectConfigurationPlatforms) = postSolution
		{D3C28E8A-CEC2-4242-BBFF-A7C0C159897E}.Debug|Any CPU.ActiveCfg = Release|Win32
		{D3C28E8A-CEC2-4242-BBFF-A7C0C159897E}.Debug|Any CPU.Build.0 = Release|Win32
		{D3C28E8A-CEC2-4242-BBFF-A7C0C159897E}.Debug|Mixed Platforms.ActiveCfg = Release|Win32
		{D3C28E8A-CEC2-4242-BBFF-A7C0C159897E}.Debug|Mixed Platforms.Build.0 = Release|Win32
		{D3C28E8A-CEC2-4242-BBFF-A7C0C159897E}.Debug|Win32.ActiveCfg = Release|Win32
		{D3C28E8A-CEC2-4242-BBFF-A7C0C159897E}.Debug|x64.ActiveCfg = Release|Win32
		{D3C28E8A-CEC2-4242-BBFF-A7C0C159897E}.Debug|x64.Build.0 = Release|Win32
		{D3C28E8A-CEC2-4242-BBFF-A7C0C159897E}.Release|Any CPU.ActiveCfg = Release|Win32
		{D3C28E8A-CEC2-4242-BBFF-A7C0C159897E}.Release|Any CPU.Build.0 = Release|Win32
		{D3C28E8A-CEC2-4242-BBFF-A7C0C159897E}.Release|Mixed Platforms.ActiveCfg = Release|Win32
		{D3C28E8A-CEC2-4242-BBFF-A7C0C159897E}.Release|Mixed Platforms.Build.0 = Release|Win32
		{D3C28E8A-CEC2-4242-BBFF-A7C0C159897E}.Release|Win32.ActiveCfg = Release|Win32
		{D3C28E8A-CEC2-4242-BBFF-A7C0C159897E}.Release|Win32.Build.0 = Release|Win32
		{D3C28E8A-CEC2-4242-BBFF-A7C0C159897E}.Release|x64.ActiveCfg = Release|Win32
		{D3C28E8A-CEC2-4242-BBFF-A7C0C159897E}.Release|x64.Build.0 = Release|Win32
		{E2A7F908-D6CF-4779-B06D-FFFD197FA8E4}.Debug|Any CPU.ActiveCfg = Release
		{E2A7F908-D6CF-4779-B06D-FFFD197FA8E4}.Debug|Mixed Platforms.ActiveCfg = Release
		{E2A7F908-D6CF-4779-B06D-FFFD197FA8E4}.Debug|Mixed Platforms.Build.0 = Debug
		{E2A7F908-D6CF-4779-B06D-FFFD197FA8E4}.Debug|Win32.ActiveCfg = Debug
		{E2A7F908-D6CF-4779-B06D-FFFD197FA8E4}.Debug|x64.ActiveCfg = Release
		{E2A7F908-D6CF-4779-B06D-FFFD197FA8E4}.Release|Any CPU.ActiveCfg = Release
		{E2A7F908-D6CF-4779-B06D-FFFD197FA8E4}.Release|Any CPU.Build.0 = Release
		{E2A7F908-D6CF-4779-B06D-FFFD197FA8E4}.Release|Mixed Platforms.ActiveCfg = Release
		{E2A7F908-D6CF-4779-B06D-FFFD197FA8E4}.Release|Mixed Platforms.Build.0 = Release
		{E2A7F908-D6CF-4779-B06D-FFFD197FA8E4}.Release|Win32.ActiveCfg = Release
		{E2A7F908-D6CF-4779-B06D-FFFD197FA8E4}.Release|x64.ActiveCfg = Release
		{5C018F3C-A16C-4E4A-96E1-7DC777B9F190}.Debug|Any CPU.ActiveCfg = Release|Win32
		{5C018F3C-A16C-4E4A-96E1-7DC777B9F190}.Debug|Mixed Platforms.ActiveCfg = Release|Win32
		{5C018F3C-A16C-4E4A-96E1-7DC777B9F190}.Debug|Mixed Platforms.Build.0 = Release|Win32
		{5C018F3C-A16C-4E4A-96E1-7DC777B9F190}.Debug|Win32.ActiveCfg = Release|Win32
		{5C018F3C-A16C-4E4A-96E1-7DC777B9F190}.Debug|Win32.Build.0 = Release|Win32
		{5C018F3C-A16C-4E4A-96E1-7DC777B9F190}.Debug|x64.ActiveCfg = Release|Win32
		{5C018F3C-A16C-4E4A-96E1-7DC777B9F190}.Release|Any CPU.ActiveCfg = Release|Win32
		{5C018F3C-A16C-4E4A-96E1-7DC777B9F190}.Release|Mixed Platforms.ActiveCfg = Release|Win32
		{5C018F3C-A16C-4E4A-96E1-7DC777B9F190}.Release|Mixed Platforms.Build.0 = Release|Win32
		{5C018F3C-A16C-4E4A-96E1-7DC777B9F190}.Release|Win32.ActiveCfg = Release|Win32
		{5C018F3C-A16C-4E4A-96E1-7DC777B9F190}.Release|Win32.Build.0 = Release|Win32
		{5C018F3C-A16C-4E4A-96E1-7DC777B9F190}.Release|x64.ActiveCfg = Release|Win32
		{5C018F3C-A16C-4E4A-96E1-7DC777B9F190}.Release|x64.Build.0 = Release|Win32
		{DDCF328A-011B-46B1-9198-EC4F736C668B}.Debug|Any CPU.ActiveCfg = Debug
		{DDCF328A-011B-46B1-9198-EC4F736C668B}.Debug|Any CPU.Build.0 = Debug
		{DDCF328A-011B-46B1-9198-EC4F736C668B}.Debug|Mixed Platforms.ActiveCfg = Debug
		{DDCF328A-011B-46B1-9198-EC4F736C668B}.Debug|Mixed Platforms.Build.0 = Debug
		{DDCF328A-011B-46B1-9198-EC4F736C668B}.Debug|Win32.ActiveCfg = Debug
		{DDCF328A-011B-46B1-9198-EC4F736C668B}.Debug|Win32.Build.0 = Debug
		{DDCF328A-011B-46B1-9198-EC4F736C668B}.Debug|x64.ActiveCfg = Debug
		{DDCF328A-011B-46B1-9198-EC4F736C668B}.Debug|x64.Build.0 = Debug
		{DDCF328A-011B-46B1-9198-EC4F736C668B}.Release|Any CPU.ActiveCfg = Release
		{DDCF328A-011B-46B1-9198-EC4F736C668B}.Release|Any CPU.Build.0 = Release
		{DDCF328A-011B-46B1-9198-EC4F736C668B}.Release|Mixed Platforms.ActiveCfg = Release
		{DDCF328A-011B-46B1-9198-EC4F736C668B}.Release|Mixed Platforms.Build.0 = Release
		{DDCF328A-011B-46B1-9198-EC4F736C668B}.Release|Win32.ActiveCfg = Release
		{DDCF328A-011B-46B1-9198-EC4F736C668B}.Release|Win32.Build.0 = Release
		{DDCF328A-011B-46B1-9198-EC4F736C668B}.Release|x64.ActiveCfg = Release
		{DDCF328A-011B-46B1-9198-EC4F736C668B}.Release|x64.Build.0 = Release
		{F685DAE3-5F88-4B6C-A4EB-27EEE9177B54}.Debug|Any CPU.ActiveCfg = Debug|Win32
		{F685DAE3-5F88-4B6C-A4EB-27EEE9177B54}.Debug|Mixed Platforms.ActiveCfg = Debug|Win32
		{F685DAE3-5F88-4B6C-A4EB-27EEE9177B54}.Debug|Mixed Platforms.Build.0 = Debug|Win32
		{F685DAE3-5F88-4B6C-A4EB-27EEE9177B54}.Debug|Win32.ActiveCfg = Debug|Win32
		{F685DAE3-5F88-4B6C-A4EB-27EEE9177B54}.Debug|Win32.Build.0 = Debug|Win32
		{F685DAE3-5F88-4B6C-A4EB-27EEE9177B54}.Debug|x64.ActiveCfg = Debug|Win32
		{F685DAE3-5F88-4B6C-A4EB-27EEE9177B54}.Release|Any CPU.ActiveCfg = Release|Win32
		{F685DAE3-5F88-4B6C-A4EB-27EEE9177B54}.Release|Mixed Platforms.ActiveCfg = Release|Win32
		{F685DAE3-5F88-4B6C-A4EB-27EEE9177B54}.Release|Mixed Platforms.Build.0 = Release|Win32
		{F685DAE3-5F88-4B6C-A4EB-27EEE9177B54}.Release|Win32.ActiveCfg = Release|Win32
		{F685DAE3-5F88-4B6C-A4EB-27EEE9177B54}.Release|Win32.Build.0 = Release|Win32
		{F685DAE3-5F88-4B6C-A4EB-27EEE9177B54}.Release|x64.ActiveCfg = Release|Win32
		{9683F3F6-5012-43D2-A539-4E6BD3A1142D}.Debug|Any CPU.ActiveCfg = Debug|x64
		{9683F3F6-5012-43D2-A539-4E6BD3A1142D}.Debug|Mixed Platforms.ActiveCfg = Debug|x64
		{9683F3F6-5012-43D2-A539-4E6BD3A1142D}.Debug|Mixed Platforms.Build.0 = Debug|x64
		{9683F3F6-5012-43D2-A539-4E6BD3A1142D}.Debug|Win32.ActiveCfg = Debug|Win32
		{9683F3F6-5012-43D2-A539-4E6BD3A1142D}.Debug|Win32.Build.0 = Debug|Win32
		{9683F3F6-5012-43D2-A539-4E6BD3A1142D}.Debug|x64.ActiveCfg = Debug|x64
		{9683F3F6-5012-43D2-A539-4E6BD3A1142D}.Debug|x64.Build.0 = Debug|x64
		{9683F3F6-5012-43D2-A539-4E6BD3A1142D}.Release|Any CPU.ActiveCfg = Release|x64
		{9683F3F6-5012-43D2-A539-4E6BD3A1142D}.Release|Mixed Platforms.ActiveCfg = Release|x64
		{9683F3F6-5012-43D2-A539-4E6BD3A1142D}.Release|Mixed Platforms.Build.0 = Release|x64
		{9683F3F6-5012-43D2-A539-4E6BD3A1142D}.Release|Win32.ActiveCfg = Release|Win32
		{9683F3F6-5012-43D2-A539-4E6BD3A1142D}.Release|Win32.Build.0 = Release|Win32
		{9683F3F6-5012-43D2-A539-4E6BD3A1142D}.Release|x64.ActiveCfg = Release|x64
		{9683F3F6-5012-43D2-A539-4E6BD3A1142D}.Release|x64.Build.0 = Release|x64
		{D19E3B53-175E-4A44-B504-FA9FE4A403BE}.Debug|Any CPU.ActiveCfg = Debug|Win32
		{D19E3B53-175E-4A44-B504-FA9FE4A403BE}.Debug|Mixed Platforms.ActiveCfg = Debug|Win32
		{D19E3B53-175E-4A44-B504-FA9FE4A403BE}.Debug|Mixed Platforms.Build.0 = Debug|Win32
		{D19E3B53-175E-4A44-B504-FA9FE4A403BE}.Debug|Win32.ActiveCfg = Debug|Win32
		{D19E3B53-175E-4A44-B504-FA9FE4A403BE}.Debug|Win32.Build.0 = Debug|Win32
		{D19E3B53-175E-4A44-B504-FA9FE4A403BE}.Debug|x64.ActiveCfg = Debug|Win32
		{D19E3B53-175E-4A44-B504-FA9FE4A403BE}.Release|Any CPU.ActiveCfg = Release|Win32
		{D19E3B53-175E-4A44-B504-FA9FE4A403BE}.Release|Mixed Platforms.ActiveCfg = Release|Win32
		{D19E3B53-175E-4A44-B504-FA9FE4A403BE}.Release|Mixed Platforms.Build.0 = Release|Win32
		{D19E3B53-175E-4A44-B504-FA9FE4A403BE}.Release|Win32.ActiveCfg = Release|Win32
		{D19E3B53-175E-4A44-B504-FA9FE4A403BE}.Release|Win32.Build.0 = Release|Win32
		{D19E3B53-175E-4A44-B504-FA9FE4A403BE}.Release|x64.ActiveCfg = Release|Win32
	EndGlobalSection
	GlobalSection(SolutionProperties) = preSolution
		HideSolutionNode = FALSE
	EndGlobalSection
EndGlobal
