
Microsoft Visual Studio Solution File, Format Version 9.00
# Visual C++ Express 2005
Project("{8BC9CEB8-8B4A-11D0-8D11-00A0C91BC942}") = "KuberaInfoPlugin", "KuberaInfoPlugin\KuberaInfoPlugin.vcproj", "{689D83E0-0C84-4278-B089-8BA940A8828E}"
EndProject
Global
	GlobalSection(SolutionConfigurationPlatforms) = preSolution
		Debug|Win32 = Debug|Win32
		Release|Win32 = Release|Win32
	EndGlobalSection
	GlobalSection(ProjectConfigurationPlatforms) = postSolution
		{689D83E0-0C84-4278-B089-8BA940A8828E}.Debug|Win32.ActiveCfg = Debug|Win32
		{689D83E0-0C84-4278-B089-8BA940A8828E}.Debug|Win32.Build.0 = Debug|Win32
		{689D83E0-0C84-4278-B089-8BA940A8828E}.Release|Win32.ActiveCfg = Release|Win32
		{689D83E0-0C84-4278-B089-8BA940A8828E}.Release|Win32.Build.0 = Release|Win32
	EndGlobalSection
	GlobalSection(SolutionProperties) = preSolution
		HideSolutionNode = FALSE
	EndGlobalSection
EndGlobal
