<?xml version="1.0" encoding="utf-8"?>
<Project ToolsVersion="4.0" xmlns="http://schemas.microsoft.com/developer/msbuild/2003">
  <ItemGroup>
    <Filter Include="Source Files">
      <UniqueIdentifier>{4FC737F1-C7A5-4376-A066-2A32D752A2FF}</UniqueIdentifier>
      <Extensions>cpp;c;cc;cxx;def;odl;idl;hpj;bat;asm;asmx</Extensions>
    </Filter>
    <Filter Include="Header Files">
      <UniqueIdentifier>{93995380-89BD-4b04-88EB-625FBE52EBFB}</UniqueIdentifier>
      <Extensions>h;hpp;hxx;hm;inl;inc;xsd</Extensions>
    </Filter>
    <Filter Include="Resource Files">
      <UniqueIdentifier>{67DA6AB6-F800-4c08-8B7A-83BB121AAD01}</UniqueIdentifier>
      <Extensions>rc;ico;cur;bmp;dlg;rc2;rct;bin;rgs;gif;jpg;jpeg;jpe;resx;tiff;tif;png;wav</Extensions>
    </Filter>
    <Filter Include="RTF">
      <UniqueIdentifier>{0a23914b-116c-4f18-a28e-4149fb64252f}</UniqueIdentifier>
    </Filter>
  </ItemGroup>
  <ItemGroup>
    <ClCompile Include="Dict.cpp">
      <Filter>Source Files</Filter>
    </ClCompile>
    <ClCompile Include="DXUT.cpp">
      <Filter>Source Files</Filter>
    </ClCompile>
    <ClCompile Include="..\Shared\I18N.cpp">
      <Filter>Source Files</Filter>
    </ClCompile>
    <ClCompile Include="..\Shared\MonadCipher.cpp">
      <Filter>Source Files</Filter>
    </ClCompile>
    <ClCompile Include="MonadDXUpdate.cpp">
      <Filter>Source Files</Filter>
    </ClCompile>
    <ClCompile Include="MonadExternalUI.cpp">
      <Filter>Source Files</Filter>
    </ClCompile>
    <ClCompile Include="..\Shared\MonadFile.cpp">
      <Filter>Source Files</Filter>
    </ClCompile>
    <ClCompile Include="MonadFileTimestamp.cpp">
      <Filter>Source Files</Filter>
    </ClCompile>
    <ClCompile Include="MonadGlobals.cpp">
      <Filter>Source Files</Filter>
    </ClCompile>
    <ClCompile Include="..\Shared\MonadHash.cpp">
      <Filter>Source Files</Filter>
    </ClCompile>
    <ClCompile Include="..\Shared\MonadLock.cpp">
      <Filter>Source Files</Filter>
    </ClCompile>
    <ClCompile Include="MonadLog.cpp">
      <Filter>Source Files</Filter>
    </ClCompile>
    <ClCompile Include="..\Shared\MonadParamater.cpp">
      <Filter>Source Files</Filter>
    </ClCompile>
    <ClCompile Include="..\Shared\MonadRegistry.cpp">
      <Filter>Source Files</Filter>
    </ClCompile>
    <ClCompile Include="MonadRepack.cpp">
      <Filter>Source Files</Filter>
    </ClCompile>
    <ClCompile Include="MonadResource.cpp">
      <Filter>Source Files</Filter>
    </ClCompile>
    <ClCompile Include="MonadSetupReg.cpp">
      <Filter>Source Files</Filter>
    </ClCompile>
    <ClCompile Include="MonadStream.cpp">
      <Filter>Source Files</Filter>
    </ClCompile>
    <ClCompile Include="..\Shared\MonadThreadBuilder.cpp">
      <Filter>Source Files</Filter>
    </ClCompile>
    <ClCompile Include="..\Shared\MonadUniqueInstance.cpp">
      <Filter>Source Files</Filter>
    </ClCompile>
    <ClCompile Include="OldPolishClockSetup3.0.cpp">
      <Filter>Source Files</Filter>
    </ClCompile>
    <ClCompile Include="OldPolishClockSetup3.0Dlg.cpp">
      <Filter>Source Files</Filter>
    </ClCompile>
    <ClCompile Include="Requirements.cpp">
      <Filter>Source Files</Filter>
    </ClCompile>
    <ClCompile Include="SetupMonadWave.cpp">
      <Filter>Source Files</Filter>
    </ClCompile>
    <ClCompile Include="..\Shared\System.cpp">
      <Filter>Source Files</Filter>
    </ClCompile>
  </ItemGroup>
  <ItemGroup>
    <ClInclude Include="MonadFileTimestamp.h">
      <Filter>Source Files</Filter>
    </ClInclude>
    <ClInclude Include="..\Shared\ByteArray.h">
      <Filter>Header Files</Filter>
    </ClInclude>
    <ClInclude Include="..\bzip2-1.0.6\bzlib.h">
      <Filter>Header Files</Filter>
    </ClInclude>
    <ClInclude Include="Dict.h">
      <Filter>Header Files</Filter>
    </ClInclude>
    <ClInclude Include="DXUT.h">
      <Filter>Header Files</Filter>
    </ClInclude>
    <ClInclude Include="..\Shared\I18N.h">
      <Filter>Header Files</Filter>
    </ClInclude>
    <ClInclude Include="..\Shared\MonadCipher.h">
      <Filter>Header Files</Filter>
    </ClInclude>
    <ClInclude Include="MonadDXUpdate.h">
      <Filter>Header Files</Filter>
    </ClInclude>
    <ClInclude Include="MonadExternalUI.h">
      <Filter>Header Files</Filter>
    </ClInclude>
    <ClInclude Include="..\Shared\MonadFile.h">
      <Filter>Header Files</Filter>
    </ClInclude>
    <ClInclude Include="MonadGlobals.h">
      <Filter>Header Files</Filter>
    </ClInclude>
    <ClInclude Include="..\Shared\MonadHash.h">
      <Filter>Header Files</Filter>
    </ClInclude>
    <ClInclude Include="..\Shared\MonadLock.h">
      <Filter>Header Files</Filter>
    </ClInclude>
    <ClInclude Include="MonadLog.h">
      <Filter>Header Files</Filter>
    </ClInclude>
    <ClInclude Include="..\Shared\MonadParameter.h">
      <Filter>Header Files</Filter>
    </ClInclude>
    <ClInclude Include="..\Shared\MonadRegistry.h">
      <Filter>Header Files</Filter>
    </ClInclude>
    <ClInclude Include="MonadRepack.h">
      <Filter>Header Files</Filter>
    </ClInclude>
    <ClInclude Include="MonadResource.h">
      <Filter>Header Files</Filter>
    </ClInclude>
    <ClInclude Include="MonadSetupReg.h">
      <Filter>Header Files</Filter>
    </ClInclude>
    <ClInclude Include="MonadStream.h">
      <Filter>Header Files</Filter>
    </ClInclude>
    <ClInclude Include="..\Shared\MonadThreadBuilder.h">
      <Filter>Header Files</Filter>
    </ClInclude>
    <ClInclude Include="..\Shared\MonadUniqueInstance.h">
      <Filter>Header Files</Filter>
    </ClInclude>
    <ClInclude Include="OldPolishClockSetup3.0.h">
      <Filter>Header Files</Filter>
    </ClInclude>
    <ClInclude Include="OldPolishClockSetup3.0Dlg.h">
      <Filter>Header Files</Filter>
    </ClInclude>
    <ClInclude Include="Requirements.h">
      <Filter>Header Files</Filter>
    </ClInclude>
    <ClInclude Include="Resource.h">
      <Filter>Header Files</Filter>
    </ClInclude>
    <ClInclude Include="SetupMonadWave.h">
      <Filter>Header Files</Filter>
    </ClInclude>
    <ClInclude Include="..\Shared\System.h">
      <Filter>Header Files</Filter>
    </ClInclude>
    <ClInclude Include="targetver.h">
      <Filter>Header Files</Filter>
    </ClInclude>
  </ItemGroup>
  <ItemGroup>
    <None Include="Banner\banner-zegar.bmp">
      <Filter>Resource Files</Filter>
    </None>
    <None Include="..\Merge\Packed\Common.exe">
      <Filter>Resource Files</Filter>
    </None>
    <None Include="..\Merge\Packed\D3DX.exe">
      <Filter>Resource Files</Filter>
    </None>
    <None Include="..\Waves\focus.wav">
      <Filter>Resource Files</Filter>
    </None>
    <None Include="Banner\Logos.bmp">
      <Filter>Resource Files</Filter>
    </None>
    <None Include="..\Waves\no.wav">
      <Filter>Resource Files</Filter>
    </None>
    <None Include="res\OldPolishClockSetup30.rc2">
      <Filter>Resource Files</Filter>
    </None>
    <None Include="..\Merge\Packed\rtf.exe">
      <Filter>Resource Files</Filter>
    </None>
    <None Include="..\small.ico">
      <Filter>Resource Files</Filter>
    </None>
    <None Include="..\Waves\tic.wav">
      <Filter>Resource Files</Filter>
    </None>
    <None Include="..\Waves\vopros.wav">
      <Filter>Resource Files</Filter>
    </None>
    <None Include="..\Waves\yes.wav">
      <Filter>Resource Files</Filter>
    </None>
    <None Include="RTF\en-info.monad-lic">
      <Filter>RTF</Filter>
    </None>
    <None Include="RTF\en-licence.monad-lic">
      <Filter>RTF</Filter>
    </None>
    <None Include="RTF\pl-info.monad-lic">
      <Filter>RTF</Filter>
    </None>
    <None Include="RTF\pl-licence.monad-lic">
      <Filter>RTF</Filter>
    </None>
    <None Include="RTF\ru-info.monad-lic">
      <Filter>RTF</Filter>
    </None>
    <None Include="RTF\ru-licence.monad-lic">
      <Filter>RTF</Filter>
    </None>
    <None Include="ReadMe.txt" />
  </ItemGroup>
  <ItemGroup>
    <Manifest Include="OldPolishClockSetup3.0.manifest">
      <Filter>Resource Files</Filter>
    </Manifest>
  </ItemGroup>
  <ItemGroup>
    <ResourceCompile Include="OldPolishClockSetup3.0.rc">
      <Filter>Resource Files</Filter>
    </ResourceCompile>
  </ItemGroup>
</Project>